
Microsoft Visual Studio Solution File, Format Version 12.00
# Visual Studio 15
VisualStudioVersion = 15.0.28307.421
MinimumVisualStudioVersion = 10.0.40219.1
Project("{FAE04EC0-301F-11D3-BF4B-00C04F79EFBC}") = "TimeLineBlog", "TimeLineBlog\TimeLineBlog.csproj", "{71DD3CE0-EE23-472D-9D9A-2F13A3976470}"
EndProject
Global
	GlobalSection(SolutionConfigurationPlatforms) = preSolution
		Debug|Any CPU = Debug|Any CPU
		Release|Any CPU = Release|Any CPU
	EndGlobalSection
	GlobalSection(ProjectConfigurationPlatforms) = postSolution
		{71DD3CE0-EE23-472D-9D9A-2F13A3976470}.Debug|Any CPU.ActiveCfg = Debug|Any CPU
		{71DD3CE0-EE23-472D-9D9A-2F13A3976470}.Debug|Any CPU.Build.0 = Debug|Any CPU
		{71DD3CE0-EE23-472D-9D9A-2F13A3976470}.Release|Any CPU.ActiveCfg = Release|Any CPU
		{71DD3CE0-EE23-472D-9D9A-2F13A3976470}.Release|Any CPU.Build.0 = Release|Any CPU
	EndGlobalSection
	GlobalSection(SolutionProperties) = preSolution
		HideSolutionNode = FALSE
	EndGlobalSection
	GlobalSection(ExtensibilityGlobals) = postSolution
		SolutionGuid = {9E038BEF-D219-4687-BC15-4D4F936271BA}
	EndGlobalSection
EndGlobal
